
Microsoft Visual Studio Solution File, Format Version 12.00
# Visual Studio 14
VisualStudioVersion = 14.0.25420.1
MinimumVisualStudioVersion = 10.0.40219.1
Project("{FAE04EC0-301F-11D3-BF4B-00C04F79EFBC}") = "CustomerSatisfaction", "CustomerSatisfaction\CustomerSatisfaction.csproj", "{5936411B-6777-4B4F-9513-158C3357CF3C}"
	ProjectSection(ProjectDependencies) = postProject
		{9AE1732E-9496-4592-B560-8A4186CDAEDA} = {9AE1732E-9496-4592-B560-8A4186CDAEDA}
	EndProjectSection
EndProject
Project("{FAE04EC0-301F-11D3-BF4B-00C04F79EFBC}") = "MetierSatisfaction", "MetierSatisfaction\MetierSatisfaction.csproj", "{9AE1732E-9496-4592-B560-8A4186CDAEDA}"
EndProject
Global
	GlobalSection(SolutionConfigurationPlatforms) = preSolution
		Debug|Any CPU = Debug|Any CPU
		Release|Any CPU = Release|Any CPU
	EndGlobalSection
	GlobalSection(ProjectConfigurationPlatforms) = postSolution
		{5936411B-6777-4B4F-9513-158C3357CF3C}.Debug|Any CPU.ActiveCfg = Debug|Any CPU
		{5936411B-6777-4B4F-9513-158C3357CF3C}.Debug|Any CPU.Build.0 = Debug|Any CPU
		{5936411B-6777-4B4F-9513-158C3357CF3C}.Release|Any CPU.ActiveCfg = Release|Any CPU
		{5936411B-6777-4B4F-9513-158C3357CF3C}.Release|Any CPU.Build.0 = Release|Any CPU
		{9AE1732E-9496-4592-B560-8A4186CDAEDA}.Debug|Any CPU.ActiveCfg = Debug|Any CPU
		{9AE1732E-9496-4592-B560-8A4186CDAEDA}.Debug|Any CPU.Build.0 = Debug|Any CPU
		{9AE1732E-9496-4592-B560-8A4186CDAEDA}.Release|Any CPU.ActiveCfg = Release|Any CPU
		{9AE1732E-9496-4592-B560-8A4186CDAEDA}.Release|Any CPU.Build.0 = Release|Any CPU
	EndGlobalSection
	GlobalSection(SolutionProperties) = preSolution
		HideSolutionNode = FALSE
	EndGlobalSection
EndGlobal
